{
  "name": "tech-radar",
  "version": "1.0.0",
  "lockfileVersion": 3,
  "requires": true,
  "packages": {
    "": {
      "name": "tech-radar",
      "version": "1.0.0",
      "license": "ISC",
      "devDependencies": {
        "aoe_technology_radar": "^4.6.1"
      }
    },
    "node_modules/aoe_technology_radar": {
      "version": "4.6.1",
      "resolved": "https://registry.npmjs.org/aoe_technology_radar/-/aoe_technology_radar-4.6.1.tgz",
      "integrity": "sha512-pHnmNfqiVm+UhT2WSjMLL/+gyqGkCXenAULCGy7XNPJPyyx/aeP1s3g1WETVseYami3XMVoZ/JPNrgQRA6msjA==",
      "dev": true,
      "hasInstallScript": true,
      "bin": {
        "techradar": "bin/techradar.js"
      }
    }
  }
}
